{
  "name": "backend",
  "lockfileVersion": 2,
  "requires": true,
  "packages": {
    "": {
      "dependencies": {
        "highcharts": "^12.2.0",
        "highcharts-react-official": "^3.2.2",
        "sqlite": "^5.0.1"
      }
    },
    "node_modules/highcharts": {
      "version": "12.2.0",
      "resolved": "https://registry.npmjs.org/highcharts/-/highcharts-12.2.0.tgz",
      "integrity": "sha512-UUN+osTP3aeGc4KmoMuWAjzpKif8GYHFozzYI4O8h1ILGof25M/ZGBpXLvgqf1z0LVh7N9eG7i0HnzMfjcR4nA==",
      "license": "https://www.highcharts.com/license"
    },
    "node_modules/highcharts-react-official": {
      "version": "3.2.2",
      "resolved": "https://registry.npmjs.org/highcharts-react-official/-/highcharts-react-official-3.2.2.tgz",
      "integrity": "sha512-2kkWOB6RpdR26fmAJkrtJFG9xWFUDGKWyat88tW3fa/3l/Jc7D5ZfwTng2MZsdiKIH32AFy0Pr75udUe7uN6LA==",
      "license": "MIT",
      "peerDependencies": {
        "highcharts": ">=6.0.0",
        "react": ">=16.8.0"
      }
    },
    "node_modules/react": {
      "version": "19.1.0",
      "resolved": "https://registry.npmjs.org/react/-/react-19.1.0.tgz",
      "integrity": "sha512-FS+XFBNvn3GTAWq26joslQgWNoFu08F4kl0J4CgdNKADkdSGXQyTCnKteIAJy96Br6YbpEU1LSzV5dYtjMkMDg==",
      "license": "MIT",
      "peer": true,
      "engines": {
        "node": ">=0.10.0"
      }
    },
    "node_modules/sqlite": {
      "version": "5.0.1",
      "resolved": "https://registry.npmjs.org/sqlite/-/sqlite-5.0.1.tgz",
      "integrity": "sha512-sRxbVwzNX9rvEPnxz9scNqi60KtfxBXMzzus5BI4+0nPtVkyEXyBwQ7JkM2M1CiVvEFw6s1vn2Z9/1DEdSpiaA=="
    }
  },
  "dependencies": {
    "highcharts": {
      "version": "12.2.0",
      "resolved": "https://registry.npmjs.org/highcharts/-/highcharts-12.2.0.tgz",
      "integrity": "sha512-UUN+osTP3aeGc4KmoMuWAjzpKif8GYHFozzYI4O8h1ILGof25M/ZGBpXLvgqf1z0LVh7N9eG7i0HnzMfjcR4nA=="
    },
    "highcharts-react-official": {
      "version": "3.2.2",
      "resolved": "https://registry.npmjs.org/highcharts-react-official/-/highcharts-react-official-3.2.2.tgz",
      "integrity": "sha512-2kkWOB6RpdR26fmAJkrtJFG9xWFUDGKWyat88tW3fa/3l/Jc7D5ZfwTng2MZsdiKIH32AFy0Pr75udUe7uN6LA==",
      "requires": {}
    },
    "react": {
      "version": "19.1.0",
      "resolved": "https://registry.npmjs.org/react/-/react-19.1.0.tgz",
      "integrity": "sha512-FS+XFBNvn3GTAWq26joslQgWNoFu08F4kl0J4CgdNKADkdSGXQyTCnKteIAJy96Br6YbpEU1LSzV5dYtjMkMDg==",
      "peer": true
    },
    "sqlite": {
      "version": "5.0.1",
      "resolved": "https://registry.npmjs.org/sqlite/-/sqlite-5.0.1.tgz",
      "integrity": "sha512-sRxbVwzNX9rvEPnxz9scNqi60KtfxBXMzzus5BI4+0nPtVkyEXyBwQ7JkM2M1CiVvEFw6s1vn2Z9/1DEdSpiaA=="
    }
  }
}
